
Microsoft Visual Studio Solution File, Format Version 12.00
# Visual Studio 15
VisualStudioVersion = 15.0.27428.2037
MinimumVisualStudioVersion = 10.0.40219.1
Project("{8BC9CEB8-8B4A-11D0-8D11-00A0C91BC942}") = "kursovaya_2_semestr", "kursovaya_2_semestr\kursovaya_2_semestr.vcxproj", "{933F32FD-8295-4833-817B-809E8DA72582}"
EndProject
Global
	GlobalSection(SolutionConfigurationPlatforms) = preSolution
		Debug|x64 = Debug|x64
		Debug|x86 = Debug|x86
		Release|x64 = Release|x64
		Release|x86 = Release|x86
	EndGlobalSection
	GlobalSection(ProjectConfigurationPlatforms) = postSolution
		{933F32FD-8295-4833-817B-809E8DA72582}.Debug|x64.ActiveCfg = Debug|x64
		{933F32FD-8295-4833-817B-809E8DA72582}.Debug|x64.Build.0 = Debug|x64
		{933F32FD-8295-4833-817B-809E8DA72582}.Debug|x86.ActiveCfg = Debug|Win32
		{933F32FD-8295-4833-817B-809E8DA72582}.Debug|x86.Build.0 = Debug|Win32
		{933F32FD-8295-4833-817B-809E8DA72582}.Release|x64.ActiveCfg = Release|x64
		{933F32FD-8295-4833-817B-809E8DA72582}.Release|x64.Build.0 = Release|x64
		{933F32FD-8295-4833-817B-809E8DA72582}.Release|x86.ActiveCfg = Release|Win32
		{933F32FD-8295-4833-817B-809E8DA72582}.Release|x86.Build.0 = Release|Win32
	EndGlobalSection
	GlobalSection(SolutionProperties) = preSolution
		HideSolutionNode = FALSE
	EndGlobalSection
	GlobalSection(ExtensibilityGlobals) = postSolution
		SolutionGuid = {80E1004B-67E9-41AC-8203-B77D79D6E0AB}
	EndGlobalSection
EndGlobal
